
Microsoft Visual Studio Solution File, Format Version 12.00
# Visual Studio 15
VisualStudioVersion = 15.0.28307.1259
MinimumVisualStudioVersion = 10.0.40219.1
Project("{8BC9CEB8-8B4A-11D0-8D11-00A0C91BC942}") = "Exercise_1_27", "Exercise_1_27\Exercise_1_27.vcxproj", "{B8917086-12A2-49D7-8FF6-FB7D8BA63661}"
EndProject
Global
	GlobalSection(SolutionConfigurationPlatforms) = preSolution
		Debug|x64 = Debug|x64
		Debug|x86 = Debug|x86
		Release|x64 = Release|x64
		Release|x86 = Release|x86
	EndGlobalSection
	GlobalSection(ProjectConfigurationPlatforms) = postSolution
		{B8917086-12A2-49D7-8FF6-FB7D8BA63661}.Debug|x64.ActiveCfg = Debug|x64
		{B8917086-12A2-49D7-8FF6-FB7D8BA63661}.Debug|x64.Build.0 = Debug|x64
		{B8917086-12A2-49D7-8FF6-FB7D8BA63661}.Debug|x86.ActiveCfg = Debug|Win32
		{B8917086-12A2-49D7-8FF6-FB7D8BA63661}.Debug|x86.Build.0 = Debug|Win32
		{B8917086-12A2-49D7-8FF6-FB7D8BA63661}.Release|x64.ActiveCfg = Release|x64
		{B8917086-12A2-49D7-8FF6-FB7D8BA63661}.Release|x64.Build.0 = Release|x64
		{B8917086-12A2-49D7-8FF6-FB7D8BA63661}.Release|x86.ActiveCfg = Release|Win32
		{B8917086-12A2-49D7-8FF6-FB7D8BA63661}.Release|x86.Build.0 = Release|Win32
	EndGlobalSection
	GlobalSection(SolutionProperties) = preSolution
		HideSolutionNode = FALSE
	EndGlobalSection
	GlobalSection(ExtensibilityGlobals) = postSolution
		SolutionGuid = {AAA29467-2F97-4405-AFC6-2233378F48DB}
	EndGlobalSection
EndGlobal
