
Microsoft Visual Studio Solution File, Format Version 12.00
# Visual Studio 15
VisualStudioVersion = 15.0.28307.1433
MinimumVisualStudioVersion = 10.0.40219.1
Project("{8BC9CEB8-8B4A-11D0-8D11-00A0C91BC942}") = "project_21_07_10", "project_21_07_10\project_21_07_10.vcxproj", "{04F43720-A560-4123-AF48-5053F1B010B5}"
EndProject
Global
	GlobalSection(SolutionConfigurationPlatforms) = preSolution
		Debug|x64 = Debug|x64
		Debug|x86 = Debug|x86
		Release|x64 = Release|x64
		Release|x86 = Release|x86
	EndGlobalSection
	GlobalSection(ProjectConfigurationPlatforms) = postSolution
		{04F43720-A560-4123-AF48-5053F1B010B5}.Debug|x64.ActiveCfg = Debug|x64
		{04F43720-A560-4123-AF48-5053F1B010B5}.Debug|x64.Build.0 = Debug|x64
		{04F43720-A560-4123-AF48-5053F1B010B5}.Debug|x86.ActiveCfg = Debug|Win32
		{04F43720-A560-4123-AF48-5053F1B010B5}.Debug|x86.Build.0 = Debug|Win32
		{04F43720-A560-4123-AF48-5053F1B010B5}.Release|x64.ActiveCfg = Release|x64
		{04F43720-A560-4123-AF48-5053F1B010B5}.Release|x64.Build.0 = Release|x64
		{04F43720-A560-4123-AF48-5053F1B010B5}.Release|x86.ActiveCfg = Release|Win32
		{04F43720-A560-4123-AF48-5053F1B010B5}.Release|x86.Build.0 = Release|Win32
	EndGlobalSection
	GlobalSection(SolutionProperties) = preSolution
		HideSolutionNode = FALSE
	EndGlobalSection
	GlobalSection(ExtensibilityGlobals) = postSolution
		SolutionGuid = {962A06A5-26CD-40B0-9CBC-2FB70ACD42B2}
	EndGlobalSection
EndGlobal
